
Microsoft Visual Studio Solution File, Format Version 12.00
# Visual Studio Version 17
VisualStudioVersion = 17.9.34701.34
MinimumVisualStudioVersion = 10.0.40219.1
Project("{FAE04EC0-301F-11D3-BF4B-00C04F79EFBC}") = "CheckInFrontend", "CheckInFrontend\CheckInFrontend.csproj", "{E8FD9821-D05A-48C2-A43D-BD8F1B6D9D36}"
EndProject
Global
	GlobalSection(SolutionConfigurationPlatforms) = preSolution
		Debug|Any CPU = Debug|Any CPU
		Release|Any CPU = Release|Any CPU
	EndGlobalSection
	GlobalSection(ProjectConfigurationPlatforms) = postSolution
		{E8FD9821-D05A-48C2-A43D-BD8F1B6D9D36}.Debug|Any CPU.ActiveCfg = Debug|Any CPU
		{E8FD9821-D05A-48C2-A43D-BD8F1B6D9D36}.Debug|Any CPU.Build.0 = Debug|Any CPU
		{E8FD9821-D05A-48C2-A43D-BD8F1B6D9D36}.Release|Any CPU.ActiveCfg = Release|Any CPU
		{E8FD9821-D05A-48C2-A43D-BD8F1B6D9D36}.Release|Any CPU.Build.0 = Release|Any CPU
	EndGlobalSection
	GlobalSection(SolutionProperties) = preSolution
		HideSolutionNode = FALSE
	EndGlobalSection
	GlobalSection(ExtensibilityGlobals) = postSolution
		SolutionGuid = {3CEA0858-B7D8-41FA-947F-A7A789F2CC60}
	EndGlobalSection
EndGlobal
